
Microsoft Visual Studio Solution File, Format Version 12.00
# Visual Studio 15
VisualStudioVersion = 15.0.27428.2011
MinimumVisualStudioVersion = 10.0.40219.1
Project("{FAE04EC0-301F-11D3-BF4B-00C04F79EFBC}") = "GuessingApp", "GuessingApp\GuessingApp.csproj", "{6715B8DE-DE2B-4342-B0CB-86F4EF2173DB}"
EndProject
Project("{FAE04EC0-301F-11D3-BF4B-00C04F79EFBC}") = "GuessingTests", "GuessingTests\GuessingTests.csproj", "{48A94B15-1059-414F-B9E0-8F38973B4E92}"
EndProject
Global
	GlobalSection(SolutionConfigurationPlatforms) = preSolution
		Debug|Any CPU = Debug|Any CPU
		Release|Any CPU = Release|Any CPU
	EndGlobalSection
	GlobalSection(ProjectConfigurationPlatforms) = postSolution
		{6715B8DE-DE2B-4342-B0CB-86F4EF2173DB}.Debug|Any CPU.ActiveCfg = Debug|Any CPU
		{6715B8DE-DE2B-4342-B0CB-86F4EF2173DB}.Debug|Any CPU.Build.0 = Debug|Any CPU
		{6715B8DE-DE2B-4342-B0CB-86F4EF2173DB}.Release|Any CPU.ActiveCfg = Release|Any CPU
		{6715B8DE-DE2B-4342-B0CB-86F4EF2173DB}.Release|Any CPU.Build.0 = Release|Any CPU
		{48A94B15-1059-414F-B9E0-8F38973B4E92}.Debug|Any CPU.ActiveCfg = Debug|Any CPU
		{48A94B15-1059-414F-B9E0-8F38973B4E92}.Debug|Any CPU.Build.0 = Debug|Any CPU
		{48A94B15-1059-414F-B9E0-8F38973B4E92}.Release|Any CPU.ActiveCfg = Release|Any CPU
		{48A94B15-1059-414F-B9E0-8F38973B4E92}.Release|Any CPU.Build.0 = Release|Any CPU
	EndGlobalSection
	GlobalSection(SolutionProperties) = preSolution
		HideSolutionNode = FALSE
	EndGlobalSection
	GlobalSection(ExtensibilityGlobals) = postSolution
		SolutionGuid = {B9256399-D954-48FA-B1DA-5B583FD64BFB}
	EndGlobalSection
EndGlobal
